
Microsoft Visual Studio Solution File, Format Version 12.00
# Visual Studio 14
VisualStudioVersion = 14.0.25420.1
MinimumVisualStudioVersion = 10.0.40219.1
Project("{FAE04EC0-301F-11D3-BF4B-00C04F79EFBC}") = "XmlSignMessage", "XmlSignMessage\XmlSignMessage.csproj", "{3D55014E-C96A-4B92-89F2-DB4E1C9B6088}"
EndProject
Project("{FAE04EC0-301F-11D3-BF4B-00C04F79EFBC}") = "XmlSignMessageTest", "XmlSignMessageTest\XmlSignMessageTest.csproj", "{45CC9DDE-BF82-4451-9D98-10ADE210AA14}"
EndProject
Global
	GlobalSection(SolutionConfigurationPlatforms) = preSolution
		Debug|Any CPU = Debug|Any CPU
		Release|Any CPU = Release|Any CPU
	EndGlobalSection
	GlobalSection(ProjectConfigurationPlatforms) = postSolution
		{3D55014E-C96A-4B92-89F2-DB4E1C9B6088}.Debug|Any CPU.ActiveCfg = Debug|Any CPU
		{3D55014E-C96A-4B92-89F2-DB4E1C9B6088}.Debug|Any CPU.Build.0 = Debug|Any CPU
		{3D55014E-C96A-4B92-89F2-DB4E1C9B6088}.Release|Any CPU.ActiveCfg = Release|Any CPU
		{3D55014E-C96A-4B92-89F2-DB4E1C9B6088}.Release|Any CPU.Build.0 = Release|Any CPU
		{45CC9DDE-BF82-4451-9D98-10ADE210AA14}.Debug|Any CPU.ActiveCfg = Debug|Any CPU
		{45CC9DDE-BF82-4451-9D98-10ADE210AA14}.Debug|Any CPU.Build.0 = Debug|Any CPU
		{45CC9DDE-BF82-4451-9D98-10ADE210AA14}.Release|Any CPU.ActiveCfg = Release|Any CPU
		{45CC9DDE-BF82-4451-9D98-10ADE210AA14}.Release|Any CPU.Build.0 = Release|Any CPU
	EndGlobalSection
	GlobalSection(SolutionProperties) = preSolution
		HideSolutionNode = FALSE
	EndGlobalSection
EndGlobal
